
Microsoft Visual Studio Solution File, Format Version 12.00
Project("{FAE04EC0-301F-11D3-BF4B-00C04F79EFBC}") = "Nodsoft.Sentinel.Agent", "Nodsoft.Sentinel.Agent\Nodsoft.Sentinel.Agent.csproj", "{BFD6340E-BDA8-4D41-9182-06A02A8201DA}"
EndProject
Global
	GlobalSection(SolutionConfigurationPlatforms) = preSolution
		Debug|Any CPU = Debug|Any CPU
		Release|Any CPU = Release|Any CPU
	EndGlobalSection
	GlobalSection(ProjectConfigurationPlatforms) = postSolution
		{BFD6340E-BDA8-4D41-9182-06A02A8201DA}.Debug|Any CPU.ActiveCfg = Debug|Any CPU
		{BFD6340E-BDA8-4D41-9182-06A02A8201DA}.Debug|Any CPU.Build.0 = Debug|Any CPU
		{BFD6340E-BDA8-4D41-9182-06A02A8201DA}.Release|Any CPU.ActiveCfg = Release|Any CPU
		{BFD6340E-BDA8-4D41-9182-06A02A8201DA}.Release|Any CPU.Build.0 = Release|Any CPU
	EndGlobalSection
EndGlobal
